
Microsoft Visual Studio Solution File, Format Version 12.00
# Visual Studio Version 16
VisualStudioVersion = 16.0.31624.102
MinimumVisualStudioVersion = 10.0.40219.1
Project("{FAE04EC0-301F-11D3-BF4B-00C04F79EFBC}") = "BorsaDiStudio", "BorsaDiStudio\BorsaDiStudio.csproj", "{4CC6F82A-95A7-4DDF-8BF1-AECEA2AB5925}"
EndProject
Global
	GlobalSection(SolutionConfigurationPlatforms) = preSolution
		Debug|Any CPU = Debug|Any CPU
		Release|Any CPU = Release|Any CPU
	EndGlobalSection
	GlobalSection(ProjectConfigurationPlatforms) = postSolution
		{4CC6F82A-95A7-4DDF-8BF1-AECEA2AB5925}.Debug|Any CPU.ActiveCfg = Debug|Any CPU
		{4CC6F82A-95A7-4DDF-8BF1-AECEA2AB5925}.Debug|Any CPU.Build.0 = Debug|Any CPU
		{4CC6F82A-95A7-4DDF-8BF1-AECEA2AB5925}.Release|Any CPU.ActiveCfg = Release|Any CPU
		{4CC6F82A-95A7-4DDF-8BF1-AECEA2AB5925}.Release|Any CPU.Build.0 = Release|Any CPU
	EndGlobalSection
	GlobalSection(SolutionProperties) = preSolution
		HideSolutionNode = FALSE
	EndGlobalSection
	GlobalSection(ExtensibilityGlobals) = postSolution
		SolutionGuid = {D3D58E40-EB5E-4471-9557-7228FB0ABF40}
	EndGlobalSection
EndGlobal
