
Microsoft Visual Studio Solution File, Format Version 12.00
# Visual Studio Version 17
VisualStudioVersion = 17.0.32112.339
MinimumVisualStudioVersion = 10.0.40219.1
Project("{FAE04EC0-301F-11D3-BF4B-00C04F79EFBC}") = "pedaggi", "pedaggi\pedaggi.csproj", "{330B51C3-6A61-482B-86A2-99FD2BF5714A}"
EndProject
Global
	GlobalSection(SolutionConfigurationPlatforms) = preSolution
		Debug|Any CPU = Debug|Any CPU
		Release|Any CPU = Release|Any CPU
	EndGlobalSection
	GlobalSection(ProjectConfigurationPlatforms) = postSolution
		{330B51C3-6A61-482B-86A2-99FD2BF5714A}.Debug|Any CPU.ActiveCfg = Debug|Any CPU
		{330B51C3-6A61-482B-86A2-99FD2BF5714A}.Debug|Any CPU.Build.0 = Debug|Any CPU
		{330B51C3-6A61-482B-86A2-99FD2BF5714A}.Release|Any CPU.ActiveCfg = Release|Any CPU
		{330B51C3-6A61-482B-86A2-99FD2BF5714A}.Release|Any CPU.Build.0 = Release|Any CPU
	EndGlobalSection
	GlobalSection(SolutionProperties) = preSolution
		HideSolutionNode = FALSE
	EndGlobalSection
	GlobalSection(ExtensibilityGlobals) = postSolution
		SolutionGuid = {5CA81D19-CA7A-42EA-A2C4-8411D05C7290}
	EndGlobalSection
EndGlobal
