
Microsoft Visual Studio Solution File, Format Version 12.00
# Visual Studio Version 16
VisualStudioVersion = 16.0.31624.102
MinimumVisualStudioVersion = 10.0.40219.1
Project("{FAE04EC0-301F-11D3-BF4B-00C04F79EFBC}") = "media_di_3_voti", "media_di_3_voti\media_di_3_voti.csproj", "{4E625E09-2E48-4933-BC24-1EF48F9E4039}"
EndProject
Global
	GlobalSection(SolutionConfigurationPlatforms) = preSolution
		Debug|Any CPU = Debug|Any CPU
		Release|Any CPU = Release|Any CPU
	EndGlobalSection
	GlobalSection(ProjectConfigurationPlatforms) = postSolution
		{4E625E09-2E48-4933-BC24-1EF48F9E4039}.Debug|Any CPU.ActiveCfg = Debug|Any CPU
		{4E625E09-2E48-4933-BC24-1EF48F9E4039}.Debug|Any CPU.Build.0 = Debug|Any CPU
		{4E625E09-2E48-4933-BC24-1EF48F9E4039}.Release|Any CPU.ActiveCfg = Release|Any CPU
		{4E625E09-2E48-4933-BC24-1EF48F9E4039}.Release|Any CPU.Build.0 = Release|Any CPU
	EndGlobalSection
	GlobalSection(SolutionProperties) = preSolution
		HideSolutionNode = FALSE
	EndGlobalSection
	GlobalSection(ExtensibilityGlobals) = postSolution
		SolutionGuid = {4EBE44CC-1E02-4A9E-9402-7C3F9D4E4CD5}
	EndGlobalSection
EndGlobal
