
Microsoft Visual Studio Solution File, Format Version 12.00
# Visual Studio Version 16
VisualStudioVersion = 16.0.31624.102
MinimumVisualStudioVersion = 10.0.40219.1
Project("{FAE04EC0-301F-11D3-BF4B-00C04F79EFBC}") = "compagnia_aerea", "compagnia_aerea\compagnia_aerea.csproj", "{BFA068AE-D667-43EF-B98E-28E84994969F}"
EndProject
Global
	GlobalSection(SolutionConfigurationPlatforms) = preSolution
		Debug|Any CPU = Debug|Any CPU
		Release|Any CPU = Release|Any CPU
	EndGlobalSection
	GlobalSection(ProjectConfigurationPlatforms) = postSolution
		{BFA068AE-D667-43EF-B98E-28E84994969F}.Debug|Any CPU.ActiveCfg = Debug|Any CPU
		{BFA068AE-D667-43EF-B98E-28E84994969F}.Debug|Any CPU.Build.0 = Debug|Any CPU
		{BFA068AE-D667-43EF-B98E-28E84994969F}.Release|Any CPU.ActiveCfg = Release|Any CPU
		{BFA068AE-D667-43EF-B98E-28E84994969F}.Release|Any CPU.Build.0 = Release|Any CPU
	EndGlobalSection
	GlobalSection(SolutionProperties) = preSolution
		HideSolutionNode = FALSE
	EndGlobalSection
	GlobalSection(ExtensibilityGlobals) = postSolution
		SolutionGuid = {E382E9DB-2AA5-4078-88EC-1A3876F0AF31}
	EndGlobalSection
EndGlobal
