
Microsoft Visual Studio Solution File, Format Version 12.00
# Visual Studio Version 16
VisualStudioVersion = 16.0.31624.102
MinimumVisualStudioVersion = 10.0.40219.1
Project("{FAE04EC0-301F-11D3-BF4B-00C04F79EFBC}") = "Preventivi", "Preventivi\Preventivi.csproj", "{87ABA728-0BFE-4D16-90A7-7A908C419526}"
EndProject
Global
	GlobalSection(SolutionConfigurationPlatforms) = preSolution
		Debug|Any CPU = Debug|Any CPU
		Release|Any CPU = Release|Any CPU
	EndGlobalSection
	GlobalSection(ProjectConfigurationPlatforms) = postSolution
		{87ABA728-0BFE-4D16-90A7-7A908C419526}.Debug|Any CPU.ActiveCfg = Debug|Any CPU
		{87ABA728-0BFE-4D16-90A7-7A908C419526}.Debug|Any CPU.Build.0 = Debug|Any CPU
		{87ABA728-0BFE-4D16-90A7-7A908C419526}.Release|Any CPU.ActiveCfg = Release|Any CPU
		{87ABA728-0BFE-4D16-90A7-7A908C419526}.Release|Any CPU.Build.0 = Release|Any CPU
	EndGlobalSection
	GlobalSection(SolutionProperties) = preSolution
		HideSolutionNode = FALSE
	EndGlobalSection
	GlobalSection(ExtensibilityGlobals) = postSolution
		SolutionGuid = {76ADDEEF-D7B0-4A26-8199-87AD0E7A4AA0}
	EndGlobalSection
EndGlobal
