
Microsoft Visual Studio Solution File, Format Version 12.00
# Visual Studio Version 16
VisualStudioVersion = 16.0.31624.102
MinimumVisualStudioVersion = 10.0.40219.1
Project("{FAE04EC0-301F-11D3-BF4B-00C04F79EFBC}") = "affrancatura", "affrancatura\affrancatura.csproj", "{B33C34D9-52D2-4091-9917-CE91BFB1982A}"
EndProject
Global
	GlobalSection(SolutionConfigurationPlatforms) = preSolution
		Debug|Any CPU = Debug|Any CPU
		Release|Any CPU = Release|Any CPU
	EndGlobalSection
	GlobalSection(ProjectConfigurationPlatforms) = postSolution
		{B33C34D9-52D2-4091-9917-CE91BFB1982A}.Debug|Any CPU.ActiveCfg = Debug|Any CPU
		{B33C34D9-52D2-4091-9917-CE91BFB1982A}.Debug|Any CPU.Build.0 = Debug|Any CPU
		{B33C34D9-52D2-4091-9917-CE91BFB1982A}.Release|Any CPU.ActiveCfg = Release|Any CPU
		{B33C34D9-52D2-4091-9917-CE91BFB1982A}.Release|Any CPU.Build.0 = Release|Any CPU
	EndGlobalSection
	GlobalSection(SolutionProperties) = preSolution
		HideSolutionNode = FALSE
	EndGlobalSection
	GlobalSection(ExtensibilityGlobals) = postSolution
		SolutionGuid = {84607DF7-824D-4A83-BA93-7B4CA1D650D3}
	EndGlobalSection
EndGlobal
